// !$*UTF8*$!
{
	archiveVersion = 1;
	classes = {
	};
	objectVersion = 55;
	objects = {

/* Begin PBXBuildFile section */
		26F93B94FB06113B7BCA3220 /* Pods_Fidelidade.framework in Frameworks */ = {isa = PBXBuildFile; fileRef = FE9E802865DA746E1DA8DF13 /* Pods_Fidelidade.framework */; };
		7D5F00827CD89D7DD434338A /* Pods_Fidelidade_FidelidadeUITests.framework in Frameworks */ = {isa = PBXBuildFile; fileRef = 120245A629A4C8D27BC4E7D3 /* Pods_Fidelidade_FidelidadeUITests.framework */; };
		D06EFB86260BE19805F77D13 /* Pods_FidelidadeTests.framework in Frameworks */ = {isa = PBXBuildFile; fileRef = DDECD8EB36B8F1495E474EC7 /* Pods_FidelidadeTests.framework */; };
		F213EDCF2779F44400CEBEA8 /* ExchangeValuesViewController.swift in Sources */ = {isa = PBXBuildFile; fileRef = F213EDCE2779F44400CEBEA8 /* ExchangeValuesViewController.swift */; };
		F213EDD12779FF4700CEBEA8 /* NotificationViewController.swift in Sources */ = {isa = PBXBuildFile; fileRef = F213EDD02779FF4700CEBEA8 /* NotificationViewController.swift */; };
		F213EDD32779FFA700CEBEA8 /* NotificationCell.swift in Sources */ = {isa = PBXBuildFile; fileRef = F213EDD22779FFA700CEBEA8 /* NotificationCell.swift */; };
		F2455191276D12CC00953DCC /* ProfileViewController.swift in Sources */ = {isa = PBXBuildFile; fileRef = F2455190276D12CC00953DCC /* ProfileViewController.swift */; };
		F2455195276D14DD00953DCC /* SettingsViewController.swift in Sources */ = {isa = PBXBuildFile; fileRef = F2455194276D14DD00953DCC /* SettingsViewController.swift */; };
		F276E574276A21D400D6A458 /* AlbunsViewModel.swift in Sources */ = {isa = PBXBuildFile; fileRef = F276E55E276A21D400D6A458 /* AlbunsViewModel.swift */; };
		F276E575276A21D400D6A458 /* HomeViewController.swift in Sources */ = {isa = PBXBuildFile; fileRef = F276E560276A21D400D6A458 /* HomeViewController.swift */; };
		F276E576276A21D400D6A458 /* AlbunsModel.swift in Sources */ = {isa = PBXBuildFile; fileRef = F276E562276A21D400D6A458 /* AlbunsModel.swift */; };
		F276E577276A21D400D6A458 /* AlbunsCelula.swift in Sources */ = {isa = PBXBuildFile; fileRef = F276E564276A21D400D6A458 /* AlbunsCelula.swift */; };
		F276E578276A21D400D6A458 /* TodosViewModel.swift in Sources */ = {isa = PBXBuildFile; fileRef = F276E567276A21D400D6A458 /* TodosViewModel.swift */; };
		F276E579276A21D400D6A458 /* MyAccountViewController.swift in Sources */ = {isa = PBXBuildFile; fileRef = F276E569276A21D400D6A458 /* MyAccountViewController.swift */; };
		F276E57A276A21D400D6A458 /* TodosModel.swift in Sources */ = {isa = PBXBuildFile; fileRef = F276E56B276A21D400D6A458 /* TodosModel.swift */; };
		F276E57C276A21D400D6A458 /* APIService.swift in Sources */ = {isa = PBXBuildFile; fileRef = F276E56F276A21D400D6A458 /* APIService.swift */; };
		F276E57E276A5EE200D6A458 /* LoginViewController.swift in Sources */ = {isa = PBXBuildFile; fileRef = F276E57D276A5EE200D6A458 /* LoginViewController.swift */; };
		F276E580276A6F2D00D6A458 /* NewUserViewController.swift in Sources */ = {isa = PBXBuildFile; fileRef = F276E57F276A6F2D00D6A458 /* NewUserViewController.swift */; };
		F276E582276A737D00D6A458 /* NewUserTwoViewController.swift in Sources */ = {isa = PBXBuildFile; fileRef = F276E581276A737D00D6A458 /* NewUserTwoViewController.swift */; };
		F27C3CCE2775F86100C83CC1 /* AddNewBankViewController.swift in Sources */ = {isa = PBXBuildFile; fileRef = F27C3CCD2775F86100C83CC1 /* AddNewBankViewController.swift */; };
		F27C3CD0277614D700C83CC1 /* ChangePasswordViewController.swift in Sources */ = {isa = PBXBuildFile; fileRef = F27C3CCF277614D700C83CC1 /* ChangePasswordViewController.swift */; };
		F294811F2774ACE300A551C5 /* WithdrawViewController.swift in Sources */ = {isa = PBXBuildFile; fileRef = F294811E2774ACE300A551C5 /* WithdrawViewController.swift */; };
		F29481212774B6C300A551C5 /* WithdrawPixViewController.swift in Sources */ = {isa = PBXBuildFile; fileRef = F29481202774B6C300A551C5 /* WithdrawPixViewController.swift */; };
		F29481232774B6F800A551C5 /* WithdrawPixCell.swift in Sources */ = {isa = PBXBuildFile; fileRef = F29481222774B6F700A551C5 /* WithdrawPixCell.swift */; };
		F29481252774BC6B00A551C5 /* MyAccountCell.swift in Sources */ = {isa = PBXBuildFile; fileRef = F29481242774BC6B00A551C5 /* MyAccountCell.swift */; };
		F29481272774CA6700A551C5 /* WithdrawPixResultViewController.swift in Sources */ = {isa = PBXBuildFile; fileRef = F29481262774CA6700A551C5 /* WithdrawPixResultViewController.swift */; };
		F29A96F92768D9D1002E9C73 /* AppDelegate.swift in Sources */ = {isa = PBXBuildFile; fileRef = F29A96F82768D9D1002E9C73 /* AppDelegate.swift */; };
		F29A96FB2768D9D1002E9C73 /* SceneDelegate.swift in Sources */ = {isa = PBXBuildFile; fileRef = F29A96FA2768D9D1002E9C73 /* SceneDelegate.swift */; };
		F29A96FD2768D9D1002E9C73 /* ChoiceViewController.swift in Sources */ = {isa = PBXBuildFile; fileRef = F29A96FC2768D9D1002E9C73 /* ChoiceViewController.swift */; };
		F29A97002768D9D1002E9C73 /* Main.storyboard in Resources */ = {isa = PBXBuildFile; fileRef = F29A96FE2768D9D1002E9C73 /* Main.storyboard */; };
		F29A97022768D9D3002E9C73 /* Assets.xcassets in Resources */ = {isa = PBXBuildFile; fileRef = F29A97012768D9D3002E9C73 /* Assets.xcassets */; };
		F29A97052768D9D3002E9C73 /* LaunchScreen.storyboard in Resources */ = {isa = PBXBuildFile; fileRef = F29A97032768D9D3002E9C73 /* LaunchScreen.storyboard */; };
		F29A97102768D9D3002E9C73 /* FidelidadeTests.swift in Sources */ = {isa = PBXBuildFile; fileRef = F29A970F2768D9D3002E9C73 /* FidelidadeTests.swift */; };
		F29A971A2768D9D4002E9C73 /* FidelidadeUITests.swift in Sources */ = {isa = PBXBuildFile; fileRef = F29A97192768D9D4002E9C73 /* FidelidadeUITests.swift */; };
		F29A971C2768D9D4002E9C73 /* FidelidadeUITestsLaunchTests.swift in Sources */ = {isa = PBXBuildFile; fileRef = F29A971B2768D9D4002E9C73 /* FidelidadeUITestsLaunchTests.swift */; };
		F29A9729276922F0002E9C73 /* LauncheScreenViewController.swift in Sources */ = {isa = PBXBuildFile; fileRef = F29A9728276922F0002E9C73 /* LauncheScreenViewController.swift */; };
		F2AC7FE1276BC50D0018BC48 /* RecoverPasswordViewController.swift in Sources */ = {isa = PBXBuildFile; fileRef = F2AC7FE0276BC50D0018BC48 /* RecoverPasswordViewController.swift */; };
		F2B117622770C5400024ECEC /* LoginModel.swift in Sources */ = {isa = PBXBuildFile; fileRef = F2B117612770C5400024ECEC /* LoginModel.swift */; };
		F2B117642770C68E0024ECEC /* LoginViewModel.swift in Sources */ = {isa = PBXBuildFile; fileRef = F2B117632770C68E0024ECEC /* LoginViewModel.swift */; };
		F2E3CC7427739F6600FE59F7 /* LoadingViewController.swift in Sources */ = {isa = PBXBuildFile; fileRef = F2E3CC7327739F6600FE59F7 /* LoadingViewController.swift */; };
		F2E3CC762773B5FE00FE59F7 /* LauncheScreenViewModel.swift in Sources */ = {isa = PBXBuildFile; fileRef = F2E3CC752773B5FE00FE59F7 /* LauncheScreenViewModel.swift */; };
		F2E3CC782773BCA400FE59F7 /* MyAccountViewModel.swift in Sources */ = {isa = PBXBuildFile; fileRef = F2E3CC772773BCA400FE59F7 /* MyAccountViewModel.swift */; };
		F2FB7AA52770F57100C3E4C9 /* LoginUseCase.swift in Sources */ = {isa = PBXBuildFile; fileRef = F2FB7AA42770F57100C3E4C9 /* LoginUseCase.swift */; };
/* End PBXBuildFile section */

/* Begin PBXContainerItemProxy section */
		F29A970C2768D9D3002E9C73 /* PBXContainerItemProxy */ = {
			isa = PBXContainerItemProxy;
			containerPortal = F29A96ED2768D9D1002E9C73 /* Project object */;
			proxyType = 1;
			remoteGlobalIDString = F29A96F42768D9D1002E9C73;
			remoteInfo = Fidelidade;
		};
		F29A97162768D9D4002E9C73 /* PBXContainerItemProxy */ = {
			isa = PBXContainerItemProxy;
			containerPortal = F29A96ED2768D9D1002E9C73 /* Project object */;
			proxyType = 1;
			remoteGlobalIDString = F29A96F42768D9D1002E9C73;
			remoteInfo = Fidelidade;
		};
/* End PBXContainerItemProxy section */

/* Begin PBXFileReference section */
		120245A629A4C8D27BC4E7D3 /* Pods_Fidelidade_FidelidadeUITests.framework */ = {isa = PBXFileReference; explicitFileType = wrapper.framework; includeInIndex = 0; path = Pods_Fidelidade_FidelidadeUITests.framework; sourceTree = BUILT_PRODUCTS_DIR; };
		1ECA66B1491BE515864267E2 /* Pods-Fidelidade-FidelidadeUITests.release.xcconfig */ = {isa = PBXFileReference; includeInIndex = 1; lastKnownFileType = text.xcconfig; name = "Pods-Fidelidade-FidelidadeUITests.release.xcconfig"; path = "Target Support Files/Pods-Fidelidade-FidelidadeUITests/Pods-Fidelidade-FidelidadeUITests.release.xcconfig"; sourceTree = "<group>"; };
		27534AE9BE2A3738A738848E /* Pods-Fidelidade.release.xcconfig */ = {isa = PBXFileReference; includeInIndex = 1; lastKnownFileType = text.xcconfig; name = "Pods-Fidelidade.release.xcconfig"; path = "Target Support Files/Pods-Fidelidade/Pods-Fidelidade.release.xcconfig"; sourceTree = "<group>"; };
		4A37FC8F7FBFC4C65197C512 /* Pods-Fidelidade.debug.xcconfig */ = {isa = PBXFileReference; includeInIndex = 1; lastKnownFileType = text.xcconfig; name = "Pods-Fidelidade.debug.xcconfig"; path = "Target Support Files/Pods-Fidelidade/Pods-Fidelidade.debug.xcconfig"; sourceTree = "<group>"; };
		918FD659923DD850FC464742 /* Pods-FidelidadeTests.debug.xcconfig */ = {isa = PBXFileReference; includeInIndex = 1; lastKnownFileType = text.xcconfig; name = "Pods-FidelidadeTests.debug.xcconfig"; path = "Target Support Files/Pods-FidelidadeTests/Pods-FidelidadeTests.debug.xcconfig"; sourceTree = "<group>"; };
		B01DD94087BA83EF25F9611C /* Pods-FidelidadeTests.release.xcconfig */ = {isa = PBXFileReference; includeInIndex = 1; lastKnownFileType = text.xcconfig; name = "Pods-FidelidadeTests.release.xcconfig"; path = "Target Support Files/Pods-FidelidadeTests/Pods-FidelidadeTests.release.xcconfig"; sourceTree = "<group>"; };
		DDECD8EB36B8F1495E474EC7 /* Pods_FidelidadeTests.framework */ = {isa = PBXFileReference; explicitFileType = wrapper.framework; includeInIndex = 0; path = Pods_FidelidadeTests.framework; sourceTree = BUILT_PRODUCTS_DIR; };
		EB65894930A38A11A5D2A60E /* Pods-Fidelidade-FidelidadeUITests.debug.xcconfig */ = {isa = PBXFileReference; includeInIndex = 1; lastKnownFileType = text.xcconfig; name = "Pods-Fidelidade-FidelidadeUITests.debug.xcconfig"; path = "Target Support Files/Pods-Fidelidade-FidelidadeUITests/Pods-Fidelidade-FidelidadeUITests.debug.xcconfig"; sourceTree = "<group>"; };
		F213EDCE2779F44400CEBEA8 /* ExchangeValuesViewController.swift */ = {isa = PBXFileReference; lastKnownFileType = sourcecode.swift; path = ExchangeValuesViewController.swift; sourceTree = "<group>"; };
		F213EDD02779FF4700CEBEA8 /* NotificationViewController.swift */ = {isa = PBXFileReference; lastKnownFileType = sourcecode.swift; path = NotificationViewController.swift; sourceTree = "<group>"; };
		F213EDD22779FFA700CEBEA8 /* NotificationCell.swift */ = {isa = PBXFileReference; lastKnownFileType = sourcecode.swift; path = NotificationCell.swift; sourceTree = "<group>"; };
		F2455190276D12CC00953DCC /* ProfileViewController.swift */ = {isa = PBXFileReference; lastKnownFileType = sourcecode.swift; path = ProfileViewController.swift; sourceTree = "<group>"; };
		F2455194276D14DD00953DCC /* SettingsViewController.swift */ = {isa = PBXFileReference; lastKnownFileType = sourcecode.swift; path = SettingsViewController.swift; sourceTree = "<group>"; };
		F276E55E276A21D400D6A458 /* AlbunsViewModel.swift */ = {isa = PBXFileReference; fileEncoding = 4; lastKnownFileType = sourcecode.swift; path = AlbunsViewModel.swift; sourceTree = "<group>"; };
		F276E560276A21D400D6A458 /* HomeViewController.swift */ = {isa = PBXFileReference; fileEncoding = 4; lastKnownFileType = sourcecode.swift; path = HomeViewController.swift; sourceTree = "<group>"; };
		F276E562276A21D400D6A458 /* AlbunsModel.swift */ = {isa = PBXFileReference; fileEncoding = 4; lastKnownFileType = sourcecode.swift; path = AlbunsModel.swift; sourceTree = "<group>"; };
		F276E564276A21D400D6A458 /* AlbunsCelula.swift */ = {isa = PBXFileReference; fileEncoding = 4; lastKnownFileType = sourcecode.swift; path = AlbunsCelula.swift; sourceTree = "<group>"; };
		F276E567276A21D400D6A458 /* TodosViewModel.swift */ = {isa = PBXFileReference; fileEncoding = 4; lastKnownFileType = sourcecode.swift; path = TodosViewModel.swift; sourceTree = "<group>"; };
		F276E569276A21D400D6A458 /* MyAccountViewController.swift */ = {isa = PBXFileReference; fileEncoding = 4; lastKnownFileType = sourcecode.swift; path = MyAccountViewController.swift; sourceTree = "<group>"; };
		F276E56B276A21D400D6A458 /* TodosModel.swift */ = {isa = PBXFileReference; fileEncoding = 4; lastKnownFileType = sourcecode.swift; path = TodosModel.swift; sourceTree = "<group>"; };
		F276E56F276A21D400D6A458 /* APIService.swift */ = {isa = PBXFileReference; fileEncoding = 4; lastKnownFileType = sourcecode.swift; path = APIService.swift; sourceTree = "<group>"; };
		F276E57D276A5EE200D6A458 /* LoginViewController.swift */ = {isa = PBXFileReference; lastKnownFileType = sourcecode.swift; path = LoginViewController.swift; sourceTree = "<group>"; };
		F276E57F276A6F2D00D6A458 /* NewUserViewController.swift */ = {isa = PBXFileReference; lastKnownFileType = sourcecode.swift; path = NewUserViewController.swift; sourceTree = "<group>"; };
		F276E581276A737D00D6A458 /* NewUserTwoViewController.swift */ = {isa = PBXFileReference; lastKnownFileType = sourcecode.swift; path = NewUserTwoViewController.swift; sourceTree = "<group>"; };
		F27C3CCD2775F86100C83CC1 /* AddNewBankViewController.swift */ = {isa = PBXFileReference; lastKnownFileType = sourcecode.swift; path = AddNewBankViewController.swift; sourceTree = "<group>"; };
		F27C3CCF277614D700C83CC1 /* ChangePasswordViewController.swift */ = {isa = PBXFileReference; lastKnownFileType = sourcecode.swift; path = ChangePasswordViewController.swift; sourceTree = "<group>"; };
		F294811E2774ACE300A551C5 /* WithdrawViewController.swift */ = {isa = PBXFileReference; lastKnownFileType = sourcecode.swift; path = WithdrawViewController.swift; sourceTree = "<group>"; };
		F29481202774B6C300A551C5 /* WithdrawPixViewController.swift */ = {isa = PBXFileReference; lastKnownFileType = sourcecode.swift; path = WithdrawPixViewController.swift; sourceTree = "<group>"; };
		F29481222774B6F700A551C5 /* WithdrawPixCell.swift */ = {isa = PBXFileReference; lastKnownFileType = sourcecode.swift; path = WithdrawPixCell.swift; sourceTree = "<group>"; };
		F29481242774BC6B00A551C5 /* MyAccountCell.swift */ = {isa = PBXFileReference; lastKnownFileType = sourcecode.swift; path = MyAccountCell.swift; sourceTree = "<group>"; };
		F29481262774CA6700A551C5 /* WithdrawPixResultViewController.swift */ = {isa = PBXFileReference; lastKnownFileType = sourcecode.swift; path = WithdrawPixResultViewController.swift; sourceTree = "<group>"; };
		F29A96F52768D9D1002E9C73 /* Fidelidade.app */ = {isa = PBXFileReference; explicitFileType = wrapper.application; includeInIndex = 0; path = Fidelidade.app; sourceTree = BUILT_PRODUCTS_DIR; };
		F29A96F82768D9D1002E9C73 /* AppDelegate.swift */ = {isa = PBXFileReference; lastKnownFileType = sourcecode.swift; path = AppDelegate.swift; sourceTree = "<group>"; };
		F29A96FA2768D9D1002E9C73 /* SceneDelegate.swift */ = {isa = PBXFileReference; lastKnownFileType = sourcecode.swift; path = SceneDelegate.swift; sourceTree = "<group>"; };
		F29A96FC2768D9D1002E9C73 /* ChoiceViewController.swift */ = {isa = PBXFileReference; lastKnownFileType = sourcecode.swift; path = ChoiceViewController.swift; sourceTree = "<group>"; };
		F29A96FF2768D9D1002E9C73 /* Base */ = {isa = PBXFileReference; lastKnownFileType = file.storyboard; name = Base; path = Base.lproj/Main.storyboard; sourceTree = "<group>"; };
		F29A97012768D9D3002E9C73 /* Assets.xcassets */ = {isa = PBXFileReference; lastKnownFileType = folder.assetcatalog; path = Assets.xcassets; sourceTree = "<group>"; };
		F29A97042768D9D3002E9C73 /* Base */ = {isa = PBXFileReference; lastKnownFileType = file.storyboard; name = Base; path = Base.lproj/LaunchScreen.storyboard; sourceTree = "<group>"; };
		F29A97062768D9D3002E9C73 /* Info.plist */ = {isa = PBXFileReference; lastKnownFileType = text.plist.xml; path = Info.plist; sourceTree = "<group>"; };
		F29A970B2768D9D3002E9C73 /* FidelidadeTests.xctest */ = {isa = PBXFileReference; explicitFileType = wrapper.cfbundle; includeInIndex = 0; path = FidelidadeTests.xctest; sourceTree = BUILT_PRODUCTS_DIR; };
		F29A970F2768D9D3002E9C73 /* FidelidadeTests.swift */ = {isa = PBXFileReference; lastKnownFileType = sourcecode.swift; path = FidelidadeTests.swift; sourceTree = "<group>"; };
		F29A97152768D9D4002E9C73 /* FidelidadeUITests.xctest */ = {isa = PBXFileReference; explicitFileType = wrapper.cfbundle; includeInIndex = 0; path = FidelidadeUITests.xctest; sourceTree = BUILT_PRODUCTS_DIR; };
		F29A97192768D9D4002E9C73 /* FidelidadeUITests.swift */ = {isa = PBXFileReference; lastKnownFileType = sourcecode.swift; path = FidelidadeUITests.swift; sourceTree = "<group>"; };
		F29A971B2768D9D4002E9C73 /* FidelidadeUITestsLaunchTests.swift */ = {isa = PBXFileReference; lastKnownFileType = sourcecode.swift; path = FidelidadeUITestsLaunchTests.swift; sourceTree = "<group>"; };
		F29A9728276922F0002E9C73 /* LauncheScreenViewController.swift */ = {isa = PBXFileReference; lastKnownFileType = sourcecode.swift; path = LauncheScreenViewController.swift; sourceTree = "<group>"; };
		F2AC7FE0276BC50D0018BC48 /* RecoverPasswordViewController.swift */ = {isa = PBXFileReference; lastKnownFileType = sourcecode.swift; path = RecoverPasswordViewController.swift; sourceTree = "<group>"; };
		F2B117612770C5400024ECEC /* LoginModel.swift */ = {isa = PBXFileReference; lastKnownFileType = sourcecode.swift; path = LoginModel.swift; sourceTree = "<group>"; };
		F2B117632770C68E0024ECEC /* LoginViewModel.swift */ = {isa = PBXFileReference; lastKnownFileType = sourcecode.swift; path = LoginViewModel.swift; sourceTree = "<group>"; };
		F2E3CC7327739F6600FE59F7 /* LoadingViewController.swift */ = {isa = PBXFileReference; lastKnownFileType = sourcecode.swift; path = LoadingViewController.swift; sourceTree = "<group>"; };
		F2E3CC752773B5FE00FE59F7 /* LauncheScreenViewModel.swift */ = {isa = PBXFileReference; lastKnownFileType = sourcecode.swift; path = LauncheScreenViewModel.swift; sourceTree = "<group>"; };
		F2E3CC772773BCA400FE59F7 /* MyAccountViewModel.swift */ = {isa = PBXFileReference; lastKnownFileType = sourcecode.swift; path = MyAccountViewModel.swift; sourceTree = "<group>"; };
		F2FB7AA42770F57100C3E4C9 /* LoginUseCase.swift */ = {isa = PBXFileReference; lastKnownFileType = sourcecode.swift; path = LoginUseCase.swift; sourceTree = "<group>"; };
		FE9E802865DA746E1DA8DF13 /* Pods_Fidelidade.framework */ = {isa = PBXFileReference; explicitFileType = wrapper.framework; includeInIndex = 0; path = Pods_Fidelidade.framework; sourceTree = BUILT_PRODUCTS_DIR; };
/* End PBXFileReference section */

/* Begin PBXFrameworksBuildPhase section */
		F29A96F22768D9D1002E9C73 /* Frameworks */ = {
			isa = PBXFrameworksBuildPhase;
			buildActionMask = 2147483647;
			files = (
				26F93B94FB06113B7BCA3220 /* Pods_Fidelidade.framework in Frameworks */,
			);
			runOnlyForDeploymentPostprocessing = 0;
		};
		F29A97082768D9D3002E9C73 /* Frameworks */ = {
			isa = PBXFrameworksBuildPhase;
			buildActionMask = 2147483647;
			files = (
				D06EFB86260BE19805F77D13 /* Pods_FidelidadeTests.framework in Frameworks */,
			);
			runOnlyForDeploymentPostprocessing = 0;
		};
		F29A97122768D9D3002E9C73 /* Frameworks */ = {
			isa = PBXFrameworksBuildPhase;
			buildActionMask = 2147483647;
			files = (
				7D5F00827CD89D7DD434338A /* Pods_Fidelidade_FidelidadeUITests.framework in Frameworks */,
			);
			runOnlyForDeploymentPostprocessing = 0;
		};
/* End PBXFrameworksBuildPhase section */

/* Begin PBXGroup section */
		36476A4F9C89480D8D2D7D28 /* Pods */ = {
			isa = PBXGroup;
			children = (
				4A37FC8F7FBFC4C65197C512 /* Pods-Fidelidade.debug.xcconfig */,
				27534AE9BE2A3738A738848E /* Pods-Fidelidade.release.xcconfig */,
				EB65894930A38A11A5D2A60E /* Pods-Fidelidade-FidelidadeUITests.debug.xcconfig */,
				1ECA66B1491BE515864267E2 /* Pods-Fidelidade-FidelidadeUITests.release.xcconfig */,
				918FD659923DD850FC464742 /* Pods-FidelidadeTests.debug.xcconfig */,
				B01DD94087BA83EF25F9611C /* Pods-FidelidadeTests.release.xcconfig */,
			);
			path = Pods;
			sourceTree = "<group>";
		};
		E18EB50A246358EA1CF04665 /* Frameworks */ = {
			isa = PBXGroup;
			children = (
				FE9E802865DA746E1DA8DF13 /* Pods_Fidelidade.framework */,
				120245A629A4C8D27BC4E7D3 /* Pods_Fidelidade_FidelidadeUITests.framework */,
				DDECD8EB36B8F1495E474EC7 /* Pods_FidelidadeTests.framework */,
			);
			name = Frameworks;
			sourceTree = "<group>";
		};
		F276E56E276A21D400D6A458 /* APIService */ = {
			isa = PBXGroup;
			children = (
				F276E56F276A21D400D6A458 /* APIService.swift */,
			);
			path = APIService;
			sourceTree = "<group>";
		};
		F29A96EC2768D9D1002E9C73 = {
			isa = PBXGroup;
			children = (
				F29A96F72768D9D1002E9C73 /* Fidelidade */,
				F29A970E2768D9D3002E9C73 /* FidelidadeTests */,
				F29A97182768D9D4002E9C73 /* FidelidadeUITests */,
				F29A96F62768D9D1002E9C73 /* Products */,
				36476A4F9C89480D8D2D7D28 /* Pods */,
				E18EB50A246358EA1CF04665 /* Frameworks */,
			);
			sourceTree = "<group>";
		};
		F29A96F62768D9D1002E9C73 /* Products */ = {
			isa = PBXGroup;
			children = (
				F29A96F52768D9D1002E9C73 /* Fidelidade.app */,
				F29A970B2768D9D3002E9C73 /* FidelidadeTests.xctest */,
				F29A97152768D9D4002E9C73 /* FidelidadeUITests.xctest */,
			);
			name = Products;
			sourceTree = "<group>";
		};
		F29A96F72768D9D1002E9C73 /* Fidelidade */ = {
			isa = PBXGroup;
			children = (
				F2E3CC7227739F3F00FE59F7 /* Utils */,
				F2FB7AA32770F55400C3E4C9 /* UseCase */,
				F276E56E276A21D400D6A458 /* APIService */,
				F2B1175C2770C3D60024ECEC /* Coltrollers */,
				F2B1175F2770C43C0024ECEC /* Views */,
				F2B1175E2770C4200024ECEC /* Model */,
				F2B1175D2770C4130024ECEC /* ViewModel */,
				F29A96F82768D9D1002E9C73 /* AppDelegate.swift */,
				F29A96FA2768D9D1002E9C73 /* SceneDelegate.swift */,
				F29A96FE2768D9D1002E9C73 /* Main.storyboard */,
				F29A97012768D9D3002E9C73 /* Assets.xcassets */,
				F29A97032768D9D3002E9C73 /* LaunchScreen.storyboard */,
				F29A97062768D9D3002E9C73 /* Info.plist */,
			);
			path = Fidelidade;
			sourceTree = "<group>";
		};
		F29A970E2768D9D3002E9C73 /* FidelidadeTests */ = {
			isa = PBXGroup;
			children = (
				F29A970F2768D9D3002E9C73 /* FidelidadeTests.swift */,
			);
			path = FidelidadeTests;
			sourceTree = "<group>";
		};
		F29A97182768D9D4002E9C73 /* FidelidadeUITests */ = {
			isa = PBXGroup;
			children = (
				F29A97192768D9D4002E9C73 /* FidelidadeUITests.swift */,
				F29A971B2768D9D4002E9C73 /* FidelidadeUITestsLaunchTests.swift */,
			);
			path = FidelidadeUITests;
			sourceTree = "<group>";
		};
		F2B1175C2770C3D60024ECEC /* Coltrollers */ = {
			isa = PBXGroup;
			children = (
				F276E569276A21D400D6A458 /* MyAccountViewController.swift */,
				F2455190276D12CC00953DCC /* ProfileViewController.swift */,
				F2455194276D14DD00953DCC /* SettingsViewController.swift */,
				F213EDD02779FF4700CEBEA8 /* NotificationViewController.swift */,
				F276E560276A21D400D6A458 /* HomeViewController.swift */,
				F29A9728276922F0002E9C73 /* LauncheScreenViewController.swift */,
				F29A96FC2768D9D1002E9C73 /* ChoiceViewController.swift */,
				F276E57F276A6F2D00D6A458 /* NewUserViewController.swift */,
				F276E581276A737D00D6A458 /* NewUserTwoViewController.swift */,
				F276E57D276A5EE200D6A458 /* LoginViewController.swift */,
				F2AC7FE0276BC50D0018BC48 /* RecoverPasswordViewController.swift */,
				F294811E2774ACE300A551C5 /* WithdrawViewController.swift */,
				F29481202774B6C300A551C5 /* WithdrawPixViewController.swift */,
				F29481262774CA6700A551C5 /* WithdrawPixResultViewController.swift */,
				F27C3CCD2775F86100C83CC1 /* AddNewBankViewController.swift */,
				F27C3CCF277614D700C83CC1 /* ChangePasswordViewController.swift */,
				F213EDCE2779F44400CEBEA8 /* ExchangeValuesViewController.swift */,
			);
			path = Coltrollers;
			sourceTree = "<group>";
		};
		F2B1175D2770C4130024ECEC /* ViewModel */ = {
			isa = PBXGroup;
			children = (
				F276E567276A21D400D6A458 /* TodosViewModel.swift */,
				F2B117632770C68E0024ECEC /* LoginViewModel.swift */,
				F2E3CC772773BCA400FE59F7 /* MyAccountViewModel.swift */,
				F2E3CC752773B5FE00FE59F7 /* LauncheScreenViewModel.swift */,
				F276E55E276A21D400D6A458 /* AlbunsViewModel.swift */,
			);
			path = ViewModel;
			sourceTree = "<group>";
		};
		F2B1175E2770C4200024ECEC /* Model */ = {
			isa = PBXGroup;
			children = (
				F276E56B276A21D400D6A458 /* TodosModel.swift */,
				F2B117612770C5400024ECEC /* LoginModel.swift */,
				F276E562276A21D400D6A458 /* AlbunsModel.swift */,
			);
			path = Model;
			sourceTree = "<group>";
		};
		F2B1175F2770C43C0024ECEC /* Views */ = {
			isa = PBXGroup;
			children = (
				F2B117602770C4FB0024ECEC /* Cells */,
			);
			path = Views;
			sourceTree = "<group>";
		};
		F2B117602770C4FB0024ECEC /* Cells */ = {
			isa = PBXGroup;
			children = (
				F29481242774BC6B00A551C5 /* MyAccountCell.swift */,
				F29481222774B6F700A551C5 /* WithdrawPixCell.swift */,
				F213EDD22779FFA700CEBEA8 /* NotificationCell.swift */,
				F276E564276A21D400D6A458 /* AlbunsCelula.swift */,
			);
			path = Cells;
			sourceTree = "<group>";
		};
		F2E3CC7227739F3F00FE59F7 /* Utils */ = {
			isa = PBXGroup;
			children = (
				F2E3CC7327739F6600FE59F7 /* LoadingViewController.swift */,
			);
			path = Utils;
			sourceTree = "<group>";
		};
		F2FB7AA32770F55400C3E4C9 /* UseCase */ = {
			isa = PBXGroup;
			children = (
				F2FB7AA42770F57100C3E4C9 /* LoginUseCase.swift */,
			);
			path = UseCase;
			sourceTree = "<group>";
		};
/* End PBXGroup section */

/* Begin PBXNativeTarget section */
		F29A96F42768D9D1002E9C73 /* Fidelidade */ = {
			isa = PBXNativeTarget;
			buildConfigurationList = F29A971F2768D9D4002E9C73 /* Build configuration list for PBXNativeTarget "Fidelidade" */;
			buildPhases = (
				D8F3C4227A5B1C0E0894F0F1 /* [CP] Check Pods Manifest.lock */,
				F29A96F12768D9D1002E9C73 /* Sources */,
				F29A96F22768D9D1002E9C73 /* Frameworks */,
				F29A96F32768D9D1002E9C73 /* Resources */,
				9974ABF054011F950FD12133 /* [CP] Embed Pods Frameworks */,
			);
			buildRules = (
			);
			dependencies = (
			);
			name = Fidelidade;
			productName = Fidelidade;
			productReference = F29A96F52768D9D1002E9C73 /* Fidelidade.app */;
			productType = "com.apple.product-type.application";
		};
		F29A970A2768D9D3002E9C73 /* FidelidadeTests */ = {
			isa = PBXNativeTarget;
			buildConfigurationList = F29A97222768D9D4002E9C73 /* Build configuration list for PBXNativeTarget "FidelidadeTests" */;
			buildPhases = (
				76870DA11C82BF1E9813086A /* [CP] Check Pods Manifest.lock */,
				F29A97072768D9D3002E9C73 /* Sources */,
				F29A97082768D9D3002E9C73 /* Frameworks */,
				F29A97092768D9D3002E9C73 /* Resources */,
			);
			buildRules = (
			);
			dependencies = (
				F29A970D2768D9D3002E9C73 /* PBXTargetDependency */,
			);
			name = FidelidadeTests;
			productName = FidelidadeTests;
			productReference = F29A970B2768D9D3002E9C73 /* FidelidadeTests.xctest */;
			productType = "com.apple.product-type.bundle.unit-test";
		};
		F29A97142768D9D3002E9C73 /* FidelidadeUITests */ = {
			isa = PBXNativeTarget;
			buildConfigurationList = F29A97252768D9D4002E9C73 /* Build configuration list for PBXNativeTarget "FidelidadeUITests" */;
			buildPhases = (
				62AB826EF6CA45CB5D795874 /* [CP] Check Pods Manifest.lock */,
				F29A97112768D9D3002E9C73 /* Sources */,
				F29A97122768D9D3002E9C73 /* Frameworks */,
				F29A97132768D9D3002E9C73 /* Resources */,
				88291C8CE0483F2AB85E952B /* [CP] Embed Pods Frameworks */,
			);
			buildRules = (
			);
			dependencies = (
				F29A97172768D9D4002E9C73 /* PBXTargetDependency */,
			);
			name = FidelidadeUITests;
			productName = FidelidadeUITests;
			productReference = F29A97152768D9D4002E9C73 /* FidelidadeUITests.xctest */;
			productType = "com.apple.product-type.bundle.ui-testing";
		};
/* End PBXNativeTarget section */

/* Begin PBXProject section */
		F29A96ED2768D9D1002E9C73 /* Project object */ = {
			isa = PBXProject;
			attributes = {
				BuildIndependentTargetsInParallel = 1;
				LastSwiftUpdateCheck = 1300;
				LastUpgradeCheck = 1300;
				TargetAttributes = {
					F29A96F42768D9D1002E9C73 = {
						CreatedOnToolsVersion = 13.0;
					};
					F29A970A2768D9D3002E9C73 = {
						CreatedOnToolsVersion = 13.0;
						TestTargetID = F29A96F42768D9D1002E9C73;
					};
					F29A97142768D9D3002E9C73 = {
						CreatedOnToolsVersion = 13.0;
						TestTargetID = F29A96F42768D9D1002E9C73;
					};
				};
			};
			buildConfigurationList = F29A96F02768D9D1002E9C73 /* Build configuration list for PBXProject "Fidelidade" */;
			compatibilityVersion = "Xcode 13.0";
			developmentRegion = en;
			hasScannedForEncodings = 0;
			knownRegions = (
				en,
				Base,
			);
			mainGroup = F29A96EC2768D9D1002E9C73;
			productRefGroup = F29A96F62768D9D1002E9C73 /* Products */;
			projectDirPath = "";
			projectRoot = "";
			targets = (
				F29A96F42768D9D1002E9C73 /* Fidelidade */,
				F29A970A2768D9D3002E9C73 /* FidelidadeTests */,
				F29A97142768D9D3002E9C73 /* FidelidadeUITests */,
			);
		};
/* End PBXProject section */

/* Begin PBXResourcesBuildPhase section */
		F29A96F32768D9D1002E9C73 /* Resources */ = {
			isa = PBXResourcesBuildPhase;
			buildActionMask = 2147483647;
			files = (
				F29A97052768D9D3002E9C73 /* LaunchScreen.storyboard in Resources */,
				F29A97022768D9D3002E9C73 /* Assets.xcassets in Resources */,
				F29A97002768D9D1002E9C73 /* Main.storyboard in Resources */,
			);
			runOnlyForDeploymentPostprocessing = 0;
		};
		F29A97092768D9D3002E9C73 /* Resources */ = {
			isa = PBXResourcesBuildPhase;
			buildActionMask = 2147483647;
			files = (
			);
			runOnlyForDeploymentPostprocessing = 0;
		};
		F29A97132768D9D3002E9C73 /* Resources */ = {
			isa = PBXResourcesBuildPhase;
			buildActionMask = 2147483647;
			files = (
			);
			runOnlyForDeploymentPostprocessing = 0;
		};
/* End PBXResourcesBuildPhase section */

/* Begin PBXShellScriptBuildPhase section */
		62AB826EF6CA45CB5D795874 /* [CP] Check Pods Manifest.lock */ = {
			isa = PBXShellScriptBuildPhase;
			buildActionMask = 2147483647;
			files = (
			);
			inputFileListPaths = (
			);
			inputPaths = (
				"${PODS_PODFILE_DIR_PATH}/Podfile.lock",
				"${PODS_ROOT}/Manifest.lock",
			);
			name = "[CP] Check Pods Manifest.lock";
			outputFileListPaths = (
			);
			outputPaths = (
				"$(DERIVED_FILE_DIR)/Pods-Fidelidade-FidelidadeUITests-checkManifestLockResult.txt",
			);
			runOnlyForDeploymentPostprocessing = 0;
			shellPath = /bin/sh;
			shellScript = "diff \"${PODS_PODFILE_DIR_PATH}/Podfile.lock\" \"${PODS_ROOT}/Manifest.lock\" > /dev/null\nif [ $? != 0 ] ; then\n    # print error to STDERR\n    echo \"error: The sandbox is not in sync with the Podfile.lock. Run 'pod install' or update your CocoaPods installation.\" >&2\n    exit 1\nfi\n# This output is used by Xcode 'outputs' to avoid re-running this script phase.\necho \"SUCCESS\" > \"${SCRIPT_OUTPUT_FILE_0}\"\n";
			showEnvVarsInLog = 0;
		};
		76870DA11C82BF1E9813086A /* [CP] Check Pods Manifest.lock */ = {
			isa = PBXShellScriptBuildPhase;
			buildActionMask = 2147483647;
			files = (
			);
			inputFileListPaths = (
			);
			inputPaths = (
				"${PODS_PODFILE_DIR_PATH}/Podfile.lock",
				"${PODS_ROOT}/Manifest.lock",
			);
			name = "[CP] Check Pods Manifest.lock";
			outputFileListPaths = (
			);
			outputPaths = (
				"$(DERIVED_FILE_DIR)/Pods-FidelidadeTests-checkManifestLockResult.txt",
			);
			runOnlyForDeploymentPostprocessing = 0;
			shellPath = /bin/sh;
			shellScript = "diff \"${PODS_PODFILE_DIR_PATH}/Podfile.lock\" \"${PODS_ROOT}/Manifest.lock\" > /dev/null\nif [ $? != 0 ] ; then\n    # print error to STDERR\n    echo \"error: The sandbox is not in sync with the Podfile.lock. Run 'pod install' or update your CocoaPods installation.\" >&2\n    exit 1\nfi\n# This output is used by Xcode 'outputs' to avoid re-running this script phase.\necho \"SUCCESS\" > \"${SCRIPT_OUTPUT_FILE_0}\"\n";
			showEnvVarsInLog = 0;
		};
		88291C8CE0483F2AB85E952B /* [CP] Embed Pods Frameworks */ = {
			isa = PBXShellScriptBuildPhase;
			buildActionMask = 2147483647;
			files = (
			);
			inputFileListPaths = (
				"${PODS_ROOT}/Target Support Files/Pods-Fidelidade-FidelidadeUITests/Pods-Fidelidade-FidelidadeUITests-frameworks-${CONFIGURATION}-input-files.xcfilelist",
			);
			name = "[CP] Embed Pods Frameworks";
			outputFileListPaths = (
				"${PODS_ROOT}/Target Support Files/Pods-Fidelidade-FidelidadeUITests/Pods-Fidelidade-FidelidadeUITests-frameworks-${CONFIGURATION}-output-files.xcfilelist",
			);
			runOnlyForDeploymentPostprocessing = 0;
			shellPath = /bin/sh;
			shellScript = "\"${PODS_ROOT}/Target Support Files/Pods-Fidelidade-FidelidadeUITests/Pods-Fidelidade-FidelidadeUITests-frameworks.sh\"\n";
			showEnvVarsInLog = 0;
		};
		9974ABF054011F950FD12133 /* [CP] Embed Pods Frameworks */ = {
			isa = PBXShellScriptBuildPhase;
			buildActionMask = 2147483647;
			files = (
			);
			inputFileListPaths = (
				"${PODS_ROOT}/Target Support Files/Pods-Fidelidade/Pods-Fidelidade-frameworks-${CONFIGURATION}-input-files.xcfilelist",
			);
			name = "[CP] Embed Pods Frameworks";
			outputFileListPaths = (
				"${PODS_ROOT}/Target Support Files/Pods-Fidelidade/Pods-Fidelidade-frameworks-${CONFIGURATION}-output-files.xcfilelist",
			);
			runOnlyForDeploymentPostprocessing = 0;
			shellPath = /bin/sh;
			shellScript = "\"${PODS_ROOT}/Target Support Files/Pods-Fidelidade/Pods-Fidelidade-frameworks.sh\"\n";
			showEnvVarsInLog = 0;
		};
		D8F3C4227A5B1C0E0894F0F1 /* [CP] Check Pods Manifest.lock */ = {
			isa = PBXShellScriptBuildPhase;
			buildActionMask = 2147483647;
			files = (
			);
			inputFileListPaths = (
			);
			inputPaths = (
				"${PODS_PODFILE_DIR_PATH}/Podfile.lock",
				"${PODS_ROOT}/Manifest.lock",
			);
			name = "[CP] Check Pods Manifest.lock";
			outputFileListPaths = (
			);
			outputPaths = (
				"$(DERIVED_FILE_DIR)/Pods-Fidelidade-checkManifestLockResult.txt",
			);
			runOnlyForDeploymentPostprocessing = 0;
			shellPath = /bin/sh;
			shellScript = "diff \"${PODS_PODFILE_DIR_PATH}/Podfile.lock\" \"${PODS_ROOT}/Manifest.lock\" > /dev/null\nif [ $? != 0 ] ; then\n    # print error to STDERR\n    echo \"error: The sandbox is not in sync with the Podfile.lock. Run 'pod install' or update your CocoaPods installation.\" >&2\n    exit 1\nfi\n# This output is used by Xcode 'outputs' to avoid re-running this script phase.\necho \"SUCCESS\" > \"${SCRIPT_OUTPUT_FILE_0}\"\n";
			showEnvVarsInLog = 0;
		};
/* End PBXShellScriptBuildPhase section */

/* Begin PBXSourcesBuildPhase section */
		F29A96F12768D9D1002E9C73 /* Sources */ = {
			isa = PBXSourcesBuildPhase;
			buildActionMask = 2147483647;
			files = (
				F276E57E276A5EE200D6A458 /* LoginViewController.swift in Sources */,
				F276E57C276A21D400D6A458 /* APIService.swift in Sources */,
				F276E578276A21D400D6A458 /* TodosViewModel.swift in Sources */,
				F213EDD32779FFA700CEBEA8 /* NotificationCell.swift in Sources */,
				F213EDCF2779F44400CEBEA8 /* ExchangeValuesViewController.swift in Sources */,
				F213EDD12779FF4700CEBEA8 /* NotificationViewController.swift in Sources */,
				F2B117622770C5400024ECEC /* LoginModel.swift in Sources */,
				F2455195276D14DD00953DCC /* SettingsViewController.swift in Sources */,
				F276E576276A21D400D6A458 /* AlbunsModel.swift in Sources */,
				F29481252774BC6B00A551C5 /* MyAccountCell.swift in Sources */,
				F27C3CCE2775F86100C83CC1 /* AddNewBankViewController.swift in Sources */,
				F2B117642770C68E0024ECEC /* LoginViewModel.swift in Sources */,
				F27C3CD0277614D700C83CC1 /* ChangePasswordViewController.swift in Sources */,
				F29481272774CA6700A551C5 /* WithdrawPixResultViewController.swift in Sources */,
				F29A96FD2768D9D1002E9C73 /* ChoiceViewController.swift in Sources */,
				F276E575276A21D400D6A458 /* HomeViewController.swift in Sources */,
				F2455191276D12CC00953DCC /* ProfileViewController.swift in Sources */,
				F2E3CC782773BCA400FE59F7 /* MyAccountViewModel.swift in Sources */,
				F276E579276A21D400D6A458 /* MyAccountViewController.swift in Sources */,
				F2E3CC7427739F6600FE59F7 /* LoadingViewController.swift in Sources */,
				F276E580276A6F2D00D6A458 /* NewUserViewController.swift in Sources */,
				F276E574276A21D400D6A458 /* AlbunsViewModel.swift in Sources */,
				F29481232774B6F800A551C5 /* WithdrawPixCell.swift in Sources */,
				F294811F2774ACE300A551C5 /* WithdrawViewController.swift in Sources */,
				F29A9729276922F0002E9C73 /* LauncheScreenViewController.swift in Sources */,
				F2AC7FE1276BC50D0018BC48 /* RecoverPasswordViewController.swift in Sources */,
				F276E57A276A21D400D6A458 /* TodosModel.swift in Sources */,
				F2E3CC762773B5FE00FE59F7 /* LauncheScreenViewModel.swift in Sources */,
				F2FB7AA52770F57100C3E4C9 /* LoginUseCase.swift in Sources */,
				F276E582276A737D00D6A458 /* NewUserTwoViewController.swift in Sources */,
				F29481212774B6C300A551C5 /* WithdrawPixViewController.swift in Sources */,
				F276E577276A21D400D6A458 /* AlbunsCelula.swift in Sources */,
				F29A96F92768D9D1002E9C73 /* AppDelegate.swift in Sources */,
				F29A96FB2768D9D1002E9C73 /* SceneDelegate.swift in Sources */,
			);
			runOnlyForDeploymentPostprocessing = 0;
		};
		F29A97072768D9D3002E9C73 /* Sources */ = {
			isa = PBXSourcesBuildPhase;
			buildActionMask = 2147483647;
			files = (
				F29A97102768D9D3002E9C73 /* FidelidadeTests.swift in Sources */,
			);
			runOnlyForDeploymentPostprocessing = 0;
		};
		F29A97112768D9D3002E9C73 /* Sources */ = {
			isa = PBXSourcesBuildPhase;
			buildActionMask = 2147483647;
			files = (
				F29A971A2768D9D4002E9C73 /* FidelidadeUITests.swift in Sources */,
				F29A971C2768D9D4002E9C73 /* FidelidadeUITestsLaunchTests.swift in Sources */,
			);
			runOnlyForDeploymentPostprocessing = 0;
		};
/* End PBXSourcesBuildPhase section */

/* Begin PBXTargetDependency section */
		F29A970D2768D9D3002E9C73 /* PBXTargetDependency */ = {
			isa = PBXTargetDependency;
			target = F29A96F42768D9D1002E9C73 /* Fidelidade */;
			targetProxy = F29A970C2768D9D3002E9C73 /* PBXContainerItemProxy */;
		};
		F29A97172768D9D4002E9C73 /* PBXTargetDependency */ = {
			isa = PBXTargetDependency;
			target = F29A96F42768D9D1002E9C73 /* Fidelidade */;
			targetProxy = F29A97162768D9D4002E9C73 /* PBXContainerItemProxy */;
		};
/* End PBXTargetDependency section */

/* Begin PBXVariantGroup section */
		F29A96FE2768D9D1002E9C73 /* Main.storyboard */ = {
			isa = PBXVariantGroup;
			children = (
				F29A96FF2768D9D1002E9C73 /* Base */,
			);
			name = Main.storyboard;
			sourceTree = "<group>";
		};
		F29A97032768D9D3002E9C73 /* LaunchScreen.storyboard */ = {
			isa = PBXVariantGroup;
			children = (
				F29A97042768D9D3002E9C73 /* Base */,
			);
			name = LaunchScreen.storyboard;
			sourceTree = "<group>";
		};
/* End PBXVariantGroup section */

/* Begin XCBuildConfiguration section */
		F29A971D2768D9D4002E9C73 /* Debug */ = {
			isa = XCBuildConfiguration;
			buildSettings = {
				ALWAYS_SEARCH_USER_PATHS = NO;
				CLANG_ANALYZER_NONNULL = YES;
				CLANG_ANALYZER_NUMBER_OBJECT_CONVERSION = YES_AGGRESSIVE;
				CLANG_CXX_LANGUAGE_STANDARD = "gnu++17";
				CLANG_CXX_LIBRARY = "libc++";
				CLANG_ENABLE_MODULES = YES;
				CLANG_ENABLE_OBJC_ARC = YES;
				CLANG_ENABLE_OBJC_WEAK = YES;
				CLANG_WARN_BLOCK_CAPTURE_AUTORELEASING = YES;
				CLANG_WARN_BOOL_CONVERSION = YES;
				CLANG_WARN_COMMA = YES;
				CLANG_WARN_CONSTANT_CONVERSION = YES;
				CLANG_WARN_DEPRECATED_OBJC_IMPLEMENTATIONS = YES;
				CLANG_WARN_DIRECT_OBJC_ISA_USAGE = YES_ERROR;
				CLANG_WARN_DOCUMENTATION_COMMENTS = YES;
				CLANG_WARN_EMPTY_BODY = YES;
				CLANG_WARN_ENUM_CONVERSION = YES;
				CLANG_WARN_INFINITE_RECURSION = YES;
				CLANG_WARN_INT_CONVERSION = YES;
				CLANG_WARN_NON_LITERAL_NULL_CONVERSION = YES;
				CLANG_WARN_OBJC_IMPLICIT_RETAIN_SELF = YES;
				CLANG_WARN_OBJC_LITERAL_CONVERSION = YES;
				CLANG_WARN_OBJC_ROOT_CLASS = YES_ERROR;
				CLANG_WARN_QUOTED_INCLUDE_IN_FRAMEWORK_HEADER = YES;
				CLANG_WARN_RANGE_LOOP_ANALYSIS = YES;
				CLANG_WARN_STRICT_PROTOTYPES = YES;
				CLANG_WARN_SUSPICIOUS_MOVE = YES;
				CLANG_WARN_UNGUARDED_AVAILABILITY = YES_AGGRESSIVE;
				CLANG_WARN_UNREACHABLE_CODE = YES;
				CLANG_WARN__DUPLICATE_METHOD_MATCH = YES;
				COPY_PHASE_STRIP = NO;
				DEBUG_INFORMATION_FORMAT = dwarf;
				ENABLE_STRICT_OBJC_MSGSEND = YES;
				ENABLE_TESTABILITY = YES;
				GCC_C_LANGUAGE_STANDARD = gnu11;
				GCC_DYNAMIC_NO_PIC = NO;
				GCC_NO_COMMON_BLOCKS = YES;
				GCC_OPTIMIZATION_LEVEL = 0;
				GCC_PREPROCESSOR_DEFINITIONS = (
					"DEBUG=1",
					"$(inherited)",
				);
				GCC_WARN_64_TO_32_BIT_CONVERSION = YES;
				GCC_WARN_ABOUT_RETURN_TYPE = YES_ERROR;
				GCC_WARN_UNDECLARED_SELECTOR = YES;
				GCC_WARN_UNINITIALIZED_AUTOS = YES_AGGRESSIVE;
				GCC_WARN_UNUSED_FUNCTION = YES;
				GCC_WARN_UNUSED_VARIABLE = YES;
				IPHONEOS_DEPLOYMENT_TARGET = 15.0;
				MTL_ENABLE_DEBUG_INFO = INCLUDE_SOURCE;
				MTL_FAST_MATH = YES;
				ONLY_ACTIVE_ARCH = YES;
				SDKROOT = iphoneos;
				SWIFT_ACTIVE_COMPILATION_CONDITIONS = DEBUG;
				SWIFT_OPTIMIZATION_LEVEL = "-Onone";
			};
			name = Debug;
		};
		F29A971E2768D9D4002E9C73 /* Release */ = {
			isa = XCBuildConfiguration;
			buildSettings = {
				ALWAYS_SEARCH_USER_PATHS = NO;
				CLANG_ANALYZER_NONNULL = YES;
				CLANG_ANALYZER_NUMBER_OBJECT_CONVERSION = YES_AGGRESSIVE;
				CLANG_CXX_LANGUAGE_STANDARD = "gnu++17";
				CLANG_CXX_LIBRARY = "libc++";
				CLANG_ENABLE_MODULES = YES;
				CLANG_ENABLE_OBJC_ARC = YES;
				CLANG_ENABLE_OBJC_WEAK = YES;
				CLANG_WARN_BLOCK_CAPTURE_AUTORELEASING = YES;
				CLANG_WARN_BOOL_CONVERSION = YES;
				CLANG_WARN_COMMA = YES;
				CLANG_WARN_CONSTANT_CONVERSION = YES;
				CLANG_WARN_DEPRECATED_OBJC_IMPLEMENTATIONS = YES;
				CLANG_WARN_DIRECT_OBJC_ISA_USAGE = YES_ERROR;
				CLANG_WARN_DOCUMENTATION_COMMENTS = YES;
				CLANG_WARN_EMPTY_BODY = YES;
				CLANG_WARN_ENUM_CONVERSION = YES;
				CLANG_WARN_INFINITE_RECURSION = YES;
				CLANG_WARN_INT_CONVERSION = YES;
				CLANG_WARN_NON_LITERAL_NULL_CONVERSION = YES;
				CLANG_WARN_OBJC_IMPLICIT_RETAIN_SELF = YES;
				CLANG_WARN_OBJC_LITERAL_CONVERSION = YES;
				CLANG_WARN_OBJC_ROOT_CLASS = YES_ERROR;
				CLANG_WARN_QUOTED_INCLUDE_IN_FRAMEWORK_HEADER = YES;
				CLANG_WARN_RANGE_LOOP_ANALYSIS = YES;
				CLANG_WARN_STRICT_PROTOTYPES = YES;
				CLANG_WARN_SUSPICIOUS_MOVE = YES;
				CLANG_WARN_UNGUARDED_AVAILABILITY = YES_AGGRESSIVE;
				CLANG_WARN_UNREACHABLE_CODE = YES;
				CLANG_WARN__DUPLICATE_METHOD_MATCH = YES;
				COPY_PHASE_STRIP = NO;
				DEBUG_INFORMATION_FORMAT = "dwarf-with-dsym";
				ENABLE_NS_ASSERTIONS = NO;
				ENABLE_STRICT_OBJC_MSGSEND = YES;
				GCC_C_LANGUAGE_STANDARD = gnu11;
				GCC_NO_COMMON_BLOCKS = YES;
				GCC_WARN_64_TO_32_BIT_CONVERSION = YES;
				GCC_WARN_ABOUT_RETURN_TYPE = YES_ERROR;
				GCC_WARN_UNDECLARED_SELECTOR = YES;
				GCC_WARN_UNINITIALIZED_AUTOS = YES_AGGRESSIVE;
				GCC_WARN_UNUSED_FUNCTION = YES;
				GCC_WARN_UNUSED_VARIABLE = YES;
				IPHONEOS_DEPLOYMENT_TARGET = 15.0;
				MTL_ENABLE_DEBUG_INFO = NO;
				MTL_FAST_MATH = YES;
				SDKROOT = iphoneos;
				SWIFT_COMPILATION_MODE = wholemodule;
				SWIFT_OPTIMIZATION_LEVEL = "-O";
				VALIDATE_PRODUCT = YES;
			};
			name = Release;
		};
		F29A97202768D9D4002E9C73 /* Debug */ = {
			isa = XCBuildConfiguration;
			baseConfigurationReference = 4A37FC8F7FBFC4C65197C512 /* Pods-Fidelidade.debug.xcconfig */;
			buildSettings = {
				ASSETCATALOG_COMPILER_APPICON_NAME = AppIcon;
				ASSETCATALOG_COMPILER_GLOBAL_ACCENT_COLOR_NAME = AccentColor;
				CODE_SIGN_STYLE = Automatic;
				CURRENT_PROJECT_VERSION = 1;
				DEVELOPMENT_TEAM = UJ394G4MSU;
				GENERATE_INFOPLIST_FILE = YES;
				INFOPLIST_FILE = Fidelidade/Info.plist;
				INFOPLIST_KEY_UIApplicationSupportsIndirectInputEvents = YES;
				INFOPLIST_KEY_UILaunchStoryboardName = LaunchScreen;
				INFOPLIST_KEY_UIMainStoryboardFile = Main;
				INFOPLIST_KEY_UISupportedInterfaceOrientations = UIInterfaceOrientationPortrait;
				INFOPLIST_KEY_UISupportedInterfaceOrientations_iPad = "UIInterfaceOrientationPortrait UIInterfaceOrientationPortraitUpsideDown UIInterfaceOrientationLandscapeLeft UIInterfaceOrientationLandscapeRight";
				INFOPLIST_KEY_UISupportedInterfaceOrientations_iPhone = "UIInterfaceOrientationPortrait UIInterfaceOrientationLandscapeLeft UIInterfaceOrientationLandscapeRight";
				INFOPLIST_KEY_UIUserInterfaceStyle = Ligth;
				IPHONEOS_DEPLOYMENT_TARGET = 12.0;
				LD_RUNPATH_SEARCH_PATHS = (
					"$(inherited)",
					"@executable_path/Frameworks",
				);
				MARKETING_VERSION = 1.0;
				PRODUCT_BUNDLE_IDENTIFIER = com.framework.Fidelidade;
				PRODUCT_NAME = "$(TARGET_NAME)";
				SWIFT_EMIT_LOC_STRINGS = YES;
				SWIFT_VERSION = 5.0;
				TARGETED_DEVICE_FAMILY = 1;
			};
			name = Debug;
		};
		F29A97212768D9D4002E9C73 /* Release */ = {
			isa = XCBuildConfiguration;
			baseConfigurationReference = 27534AE9BE2A3738A738848E /* Pods-Fidelidade.release.xcconfig */;
			buildSettings = {
				ASSETCATALOG_COMPILER_APPICON_NAME = AppIcon;
				ASSETCATALOG_COMPILER_GLOBAL_ACCENT_COLOR_NAME = AccentColor;
				CODE_SIGN_STYLE = Automatic;
				CURRENT_PROJECT_VERSION = 1;
				DEVELOPMENT_TEAM = UJ394G4MSU;
				GENERATE_INFOPLIST_FILE = YES;
				INFOPLIST_FILE = Fidelidade/Info.plist;
				INFOPLIST_KEY_UIApplicationSupportsIndirectInputEvents = YES;
				INFOPLIST_KEY_UILaunchStoryboardName = LaunchScreen;
				INFOPLIST_KEY_UIMainStoryboardFile = Main;
				INFOPLIST_KEY_UISupportedInterfaceOrientations = UIInterfaceOrientationPortrait;
				INFOPLIST_KEY_UISupportedInterfaceOrientations_iPad = "UIInterfaceOrientationPortrait UIInterfaceOrientationPortraitUpsideDown UIInterfaceOrientationLandscapeLeft UIInterfaceOrientationLandscapeRight";
				INFOPLIST_KEY_UISupportedInterfaceOrientations_iPhone = "UIInterfaceOrientationPortrait UIInterfaceOrientationLandscapeLeft UIInterfaceOrientationLandscapeRight";
				INFOPLIST_KEY_UIUserInterfaceStyle = Ligth;
				IPHONEOS_DEPLOYMENT_TARGET = 12.0;
				LD_RUNPATH_SEARCH_PATHS = (
					"$(inherited)",
					"@executable_path/Frameworks",
				);
				MARKETING_VERSION = 1.0;
				PRODUCT_BUNDLE_IDENTIFIER = com.framework.Fidelidade;
				PRODUCT_NAME = "$(TARGET_NAME)";
				SWIFT_EMIT_LOC_STRINGS = YES;
				SWIFT_VERSION = 5.0;
				TARGETED_DEVICE_FAMILY = 1;
			};
			name = Release;
		};
		F29A97232768D9D4002E9C73 /* Debug */ = {
			isa = XCBuildConfiguration;
			baseConfigurationReference = 918FD659923DD850FC464742 /* Pods-FidelidadeTests.debug.xcconfig */;
			buildSettings = {
				ALWAYS_EMBED_SWIFT_STANDARD_LIBRARIES = YES;
				BUNDLE_LOADER = "$(TEST_HOST)";
				CODE_SIGN_STYLE = Automatic;
				CURRENT_PROJECT_VERSION = 1;
				DEVELOPMENT_TEAM = UJ394G4MSU;
				GENERATE_INFOPLIST_FILE = YES;
				IPHONEOS_DEPLOYMENT_TARGET = 15.0;
				LD_RUNPATH_SEARCH_PATHS = (
					"$(inherited)",
					"@executable_path/Frameworks",
					"@loader_path/Frameworks",
				);
				MARKETING_VERSION = 1.0;
				PRODUCT_BUNDLE_IDENTIFIER = com.framework.FidelidadeTests;
				PRODUCT_NAME = "$(TARGET_NAME)";
				SWIFT_EMIT_LOC_STRINGS = NO;
				SWIFT_VERSION = 5.0;
				TARGETED_DEVICE_FAMILY = "1,2";
				TEST_HOST = "$(BUILT_PRODUCTS_DIR)/Fidelidade.app/Fidelidade";
			};
			name = Debug;
		};
		F29A97242768D9D4002E9C73 /* Release */ = {
			isa = XCBuildConfiguration;
			baseConfigurationReference = B01DD94087BA83EF25F9611C /* Pods-FidelidadeTests.release.xcconfig */;
			buildSettings = {
				ALWAYS_EMBED_SWIFT_STANDARD_LIBRARIES = YES;
				BUNDLE_LOADER = "$(TEST_HOST)";
				CODE_SIGN_STYLE = Automatic;
				CURRENT_PROJECT_VERSION = 1;
				DEVELOPMENT_TEAM = UJ394G4MSU;
				GENERATE_INFOPLIST_FILE = YES;
				IPHONEOS_DEPLOYMENT_TARGET = 15.0;
				LD_RUNPATH_SEARCH_PATHS = (
					"$(inherited)",
					"@executable_path/Frameworks",
					"@loader_path/Frameworks",
				);
				MARKETING_VERSION = 1.0;
				PRODUCT_BUNDLE_IDENTIFIER = com.framework.FidelidadeTests;
				PRODUCT_NAME = "$(TARGET_NAME)";
				SWIFT_EMIT_LOC_STRINGS = NO;
				SWIFT_VERSION = 5.0;
				TARGETED_DEVICE_FAMILY = "1,2";
				TEST_HOST = "$(BUILT_PRODUCTS_DIR)/Fidelidade.app/Fidelidade";
			};
			name = Release;
		};
		F29A97262768D9D4002E9C73 /* Debug */ = {
			isa = XCBuildConfiguration;
			baseConfigurationReference = EB65894930A38A11A5D2A60E /* Pods-Fidelidade-FidelidadeUITests.debug.xcconfig */;
			buildSettings = {
				ALWAYS_EMBED_SWIFT_STANDARD_LIBRARIES = YES;
				CODE_SIGN_STYLE = Automatic;
				CURRENT_PROJECT_VERSION = 1;
				DEVELOPMENT_TEAM = UJ394G4MSU;
				GENERATE_INFOPLIST_FILE = YES;
				LD_RUNPATH_SEARCH_PATHS = (
					"$(inherited)",
					"@executable_path/Frameworks",
					"@loader_path/Frameworks",
				);
				MARKETING_VERSION = 1.0;
				PRODUCT_BUNDLE_IDENTIFIER = com.framework.FidelidadeUITests;
				PRODUCT_NAME = "$(TARGET_NAME)";
				SWIFT_EMIT_LOC_STRINGS = NO;
				SWIFT_VERSION = 5.0;
				TARGETED_DEVICE_FAMILY = "1,2";
				TEST_TARGET_NAME = Fidelidade;
			};
			name = Debug;
		};
		F29A97272768D9D4002E9C73 /* Release */ = {
			isa = XCBuildConfiguration;
			baseConfigurationReference = 1ECA66B1491BE515864267E2 /* Pods-Fidelidade-FidelidadeUITests.release.xcconfig */;
			buildSettings = {
				ALWAYS_EMBED_SWIFT_STANDARD_LIBRARIES = YES;
				CODE_SIGN_STYLE = Automatic;
				CURRENT_PROJECT_VERSION = 1;
				DEVELOPMENT_TEAM = UJ394G4MSU;
				GENERATE_INFOPLIST_FILE = YES;
				LD_RUNPATH_SEARCH_PATHS = (
					"$(inherited)",
					"@executable_path/Frameworks",
					"@loader_path/Frameworks",
				);
				MARKETING_VERSION = 1.0;
				PRODUCT_BUNDLE_IDENTIFIER = com.framework.FidelidadeUITests;
				PRODUCT_NAME = "$(TARGET_NAME)";
				SWIFT_EMIT_LOC_STRINGS = NO;
				SWIFT_VERSION = 5.0;
				TARGETED_DEVICE_FAMILY = "1,2";
				TEST_TARGET_NAME = Fidelidade;
			};
			name = Release;
		};
/* End XCBuildConfiguration section */

/* Begin XCConfigurationList section */
		F29A96F02768D9D1002E9C73 /* Build configuration list for PBXProject "Fidelidade" */ = {
			isa = XCConfigurationList;
			buildConfigurations = (
				F29A971D2768D9D4002E9C73 /* Debug */,
				F29A971E2768D9D4002E9C73 /* Release */,
			);
			defaultConfigurationIsVisible = 0;
			defaultConfigurationName = Release;
		};
		F29A971F2768D9D4002E9C73 /* Build configuration list for PBXNativeTarget "Fidelidade" */ = {
			isa = XCConfigurationList;
			buildConfigurations = (
				F29A97202768D9D4002E9C73 /* Debug */,
				F29A97212768D9D4002E9C73 /* Release */,
			);
			defaultConfigurationIsVisible = 0;
			defaultConfigurationName = Release;
		};
		F29A97222768D9D4002E9C73 /* Build configuration list for PBXNativeTarget "FidelidadeTests" */ = {
			isa = XCConfigurationList;
			buildConfigurations = (
				F29A97232768D9D4002E9C73 /* Debug */,
				F29A97242768D9D4002E9C73 /* Release */,
			);
			defaultConfigurationIsVisible = 0;
			defaultConfigurationName = Release;
		};
		F29A97252768D9D4002E9C73 /* Build configuration list for PBXNativeTarget "FidelidadeUITests" */ = {
			isa = XCConfigurationList;
			buildConfigurations = (
				F29A97262768D9D4002E9C73 /* Debug */,
				F29A97272768D9D4002E9C73 /* Release */,
			);
			defaultConfigurationIsVisible = 0;
			defaultConfigurationName = Release;
		};
/* End XCConfigurationList section */
	};
	rootObject = F29A96ED2768D9D1002E9C73 /* Project object */;
}
